
Microsoft Visual Studio Solution File, Format Version 12.00
# Visual Studio Version 17
VisualStudioVersion = 17.5.002.0
MinimumVisualStudioVersion = 10.0.40219.1
Project("{2150E333-8FDC-42A3-9474-1A3956D46DE8}") = "csharp-prep", "csharp-prep", "{33887A95-C5A0-4C92-9AA7-FF9F6C4B10E7}"
EndProject
Project("{9A19103F-16F7-4668-BE54-9A1E7A4F7556}") = "Prep1", "csharp-prep\Prep1\Prep1.csproj", "{E01C2B20-1649-421A-8D75-6C0849C4E2FB}"
EndProject
Project("{9A19103F-16F7-4668-BE54-9A1E7A4F7556}") = "Prep2", "csharp-prep\Prep2\Prep2.csproj", "{D1E475BE-0135-449A-9285-2E5B638AC330}"
EndProject
Project("{9A19103F-16F7-4668-BE54-9A1E7A4F7556}") = "Prep3", "csharp-prep\Prep3\Prep3.csproj", "{DDBE5259-576F-4984-A416-B627668BBB37}"
EndProject
Project("{9A19103F-16F7-4668-BE54-9A1E7A4F7556}") = "Prep4", "csharp-prep\Prep4\Prep4.csproj", "{26C166F7-BB9E-4363-B487-8E4EA8583158}"
EndProject
Project("{9A19103F-16F7-4668-BE54-9A1E7A4F7556}") = "Prep5", "csharp-prep\Prep5\Prep5.csproj", "{31A48064-8B90-47A8-97C8-86D9E14374FB}"
EndProject
Project("{2150E333-8FDC-42A3-9474-1A3956D46DE8}") = "final", "final", "{BAAFE727-AD63-47AE-B82C-677DEEC41531}"
EndProject
Project("{9A19103F-16F7-4668-BE54-9A1E7A4F7556}") = "FinalProject", "final\FinalProject\FinalProject.csproj", "{6BCDAA4E-2299-42DB-93C8-299F66341527}"
EndProject
Project("{9A19103F-16F7-4668-BE54-9A1E7A4F7556}") = "Foundation1", "final\Foundation1\Foundation1.csproj", "{1209EE88-1016-455D-B924-C26A941888E5}"
EndProject
Project("{9A19103F-16F7-4668-BE54-9A1E7A4F7556}") = "Foundation2", "final\Foundation2\Foundation2.csproj", "{C9DBC0E7-E143-488D-8C5D-4465BA840886}"
EndProject
Project("{9A19103F-16F7-4668-BE54-9A1E7A4F7556}") = "Foundation3", "final\Foundation3\Foundation3.csproj", "{AC2A8EED-2D9C-4ACF-BA20-DC50BE8D64A7}"
EndProject
Project("{9A19103F-16F7-4668-BE54-9A1E7A4F7556}") = "Foundation4", "final\Foundation4\Foundation4.csproj", "{0C1D3687-C94A-4EE7-878F-CD6FD48FFD95}"
EndProject
Project("{2150E333-8FDC-42A3-9474-1A3956D46DE8}") = "prepare", "prepare", "{C953C4A5-ACD5-4841-A2FD-B702895B20AC}"
EndProject
Project("{9A19103F-16F7-4668-BE54-9A1E7A4F7556}") = "Learning02", "prepare\Learning02\Learning02.csproj", "{217C1514-39B9-4273-A5A7-FCCBCD04DB13}"
EndProject
Project("{9A19103F-16F7-4668-BE54-9A1E7A4F7556}") = "Learning03", "prepare\Learning03\Learning03.csproj", "{D3E3F5E6-163E-48B4-BA08-7335D9243251}"
EndProject
Project("{9A19103F-16F7-4668-BE54-9A1E7A4F7556}") = "Learning04", "prepare\Learning04\Learning04.csproj", "{10543A5C-302E-4D04-8D21-83D3FEB04F9F}"
EndProject
Project("{9A19103F-16F7-4668-BE54-9A1E7A4F7556}") = "Learning05", "prepare\Learning05\Learning05.csproj", "{E0E6690A-4B61-4343-ABD8-960A1A6D9E00}"
EndProject
Project("{2150E333-8FDC-42A3-9474-1A3956D46DE8}") = "prove", "prove", "{D4EAEE47-7B67-4870-BF16-F5F0FF772D94}"
EndProject
Project("{9A19103F-16F7-4668-BE54-9A1E7A4F7556}") = "Develop02", "prove\Develop02\Develop02.csproj", "{0B5520E7-8B08-4F13-91E9-1B59C94C2F0F}"
EndProject
Project("{9A19103F-16F7-4668-BE54-9A1E7A4F7556}") = "Develop03", "prove\Develop03\Develop03.csproj", "{D2B63517-1727-4512-8D72-8E5A02241E48}"
EndProject
Project("{9A19103F-16F7-4668-BE54-9A1E7A4F7556}") = "Develop04", "prove\Develop04\Develop04.csproj", "{CEEA8FBD-915D-41AB-90D1-8FBA5A64CA96}"
EndProject
Project("{9A19103F-16F7-4668-BE54-9A1E7A4F7556}") = "Develop05", "prove\Develop05\Develop05.csproj", "{9F19D27A-860B-4D69-A0AE-3E01159A6466}"
EndProject
Project("{2150E333-8FDC-42A3-9474-1A3956D46DE8}") = "sandbox", "sandbox", "{5F779F52-C2A6-4910-B66B-1AAB8FE0535D}"
EndProject
Project("{9A19103F-16F7-4668-BE54-9A1E7A4F7556}") = "Sandbox", "sandbox\Sandbox\Sandbox.csproj", "{86E82F9E-7A71-4BBE-9A93-ADCE1403E9A5}"
EndProject
Global
	GlobalSection(SolutionConfigurationPlatforms) = preSolution
		Debug|Any CPU = Debug|Any CPU
		Release|Any CPU = Release|Any CPU
	EndGlobalSection
	GlobalSection(ProjectConfigurationPlatforms) = postSolution
		{E01C2B20-1649-421A-8D75-6C0849C4E2FB}.Debug|Any CPU.ActiveCfg = Debug|Any CPU
		{E01C2B20-1649-421A-8D75-6C0849C4E2FB}.Debug|Any CPU.Build.0 = Debug|Any CPU
		{E01C2B20-1649-421A-8D75-6C0849C4E2FB}.Release|Any CPU.ActiveCfg = Release|Any CPU
		{E01C2B20-1649-421A-8D75-6C0849C4E2FB}.Release|Any CPU.Build.0 = Release|Any CPU
		{D1E475BE-0135-449A-9285-2E5B638AC330}.Debug|Any CPU.ActiveCfg = Debug|Any CPU
		{D1E475BE-0135-449A-9285-2E5B638AC330}.Debug|Any CPU.Build.0 = Debug|Any CPU
		{D1E475BE-0135-449A-9285-2E5B638AC330}.Release|Any CPU.ActiveCfg = Release|Any CPU
		{D1E475BE-0135-449A-9285-2E5B638AC330}.Release|Any CPU.Build.0 = Release|Any CPU
		{DDBE5259-576F-4984-A416-B627668BBB37}.Debug|Any CPU.ActiveCfg = Debug|Any CPU
		{DDBE5259-576F-4984-A416-B627668BBB37}.Debug|Any CPU.Build.0 = Debug|Any CPU
		{DDBE5259-576F-4984-A416-B627668BBB37}.Release|Any CPU.ActiveCfg = Release|Any CPU
		{DDBE5259-576F-4984-A416-B627668BBB37}.Release|Any CPU.Build.0 = Release|Any CPU
		{26C166F7-BB9E-4363-B487-8E4EA8583158}.Debug|Any CPU.ActiveCfg = Debug|Any CPU
		{26C166F7-BB9E-4363-B487-8E4EA8583158}.Debug|Any CPU.Build.0 = Debug|Any CPU
		{26C166F7-BB9E-4363-B487-8E4EA8583158}.Release|Any CPU.ActiveCfg = Release|Any CPU
		{26C166F7-BB9E-4363-B487-8E4EA8583158}.Release|Any CPU.Build.0 = Release|Any CPU
		{31A48064-8B90-47A8-97C8-86D9E14374FB}.Debug|Any CPU.ActiveCfg = Debug|Any CPU
		{31A48064-8B90-47A8-97C8-86D9E14374FB}.Debug|Any CPU.Build.0 = Debug|Any CPU
		{31A48064-8B90-47A8-97C8-86D9E14374FB}.Release|Any CPU.ActiveCfg = Release|Any CPU
		{31A48064-8B90-47A8-97C8-86D9E14374FB}.Release|Any CPU.Build.0 = Release|Any CPU
		{6BCDAA4E-2299-42DB-93C8-299F66341527}.Debug|Any CPU.ActiveCfg = Debug|Any CPU
		{6BCDAA4E-2299-42DB-93C8-299F66341527}.Debug|Any CPU.Build.0 = Debug|Any CPU
		{6BCDAA4E-2299-42DB-93C8-299F66341527}.Release|Any CPU.ActiveCfg = Release|Any CPU
		{6BCDAA4E-2299-42DB-93C8-299F66341527}.Release|Any CPU.Build.0 = Release|Any CPU
		{1209EE88-1016-455D-B924-C26A941888E5}.Debug|Any CPU.ActiveCfg = Debug|Any CPU
		{1209EE88-1016-455D-B924-C26A941888E5}.Debug|Any CPU.Build.0 = Debug|Any CPU
		{1209EE88-1016-455D-B924-C26A941888E5}.Release|Any CPU.ActiveCfg = Release|Any CPU
		{1209EE88-1016-455D-B924-C26A941888E5}.Release|Any CPU.Build.0 = Release|Any CPU
		{C9DBC0E7-E143-488D-8C5D-4465BA840886}.Debug|Any CPU.ActiveCfg = Debug|Any CPU
		{C9DBC0E7-E143-488D-8C5D-4465BA840886}.Debug|Any CPU.Build.0 = Debug|Any CPU
		{C9DBC0E7-E143-488D-8C5D-4465BA840886}.Release|Any CPU.ActiveCfg = Release|Any CPU
		{C9DBC0E7-E143-488D-8C5D-4465BA840886}.Release|Any CPU.Build.0 = Release|Any CPU
		{AC2A8EED-2D9C-4ACF-BA20-DC50BE8D64A7}.Debug|Any CPU.ActiveCfg = Debug|Any CPU
		{AC2A8EED-2D9C-4ACF-BA20-DC50BE8D64A7}.Debug|Any CPU.Build.0 = Debug|Any CPU
		{AC2A8EED-2D9C-4ACF-BA20-DC50BE8D64A7}.Release|Any CPU.ActiveCfg = Release|Any CPU
		{AC2A8EED-2D9C-4ACF-BA20-DC50BE8D64A7}.Release|Any CPU.Build.0 = Release|Any CPU
		{0C1D3687-C94A-4EE7-878F-CD6FD48FFD95}.Debug|Any CPU.ActiveCfg = Debug|Any CPU
		{0C1D3687-C94A-4EE7-878F-CD6FD48FFD95}.Debug|Any CPU.Build.0 = Debug|Any CPU
		{0C1D3687-C94A-4EE7-878F-CD6FD48FFD95}.Release|Any CPU.ActiveCfg = Release|Any CPU
		{0C1D3687-C94A-4EE7-878F-CD6FD48FFD95}.Release|Any CPU.Build.0 = Release|Any CPU
		{217C1514-39B9-4273-A5A7-FCCBCD04DB13}.Debug|Any CPU.ActiveCfg = Debug|Any CPU
		{217C1514-39B9-4273-A5A7-FCCBCD04DB13}.Debug|Any CPU.Build.0 = Debug|Any CPU
		{217C1514-39B9-4273-A5A7-FCCBCD04DB13}.Release|Any CPU.ActiveCfg = Release|Any CPU
		{217C1514-39B9-4273-A5A7-FCCBCD04DB13}.Release|Any CPU.Build.0 = Release|Any CPU
		{D3E3F5E6-163E-48B4-BA08-7335D9243251}.Debug|Any CPU.ActiveCfg = Debug|Any CPU
		{D3E3F5E6-163E-48B4-BA08-7335D9243251}.Debug|Any CPU.Build.0 = Debug|Any CPU
		{D3E3F5E6-163E-48B4-BA08-7335D9243251}.Release|Any CPU.ActiveCfg = Release|Any CPU
		{D3E3F5E6-163E-48B4-BA08-7335D9243251}.Release|Any CPU.Build.0 = Release|Any CPU
		{10543A5C-302E-4D04-8D21-83D3FEB04F9F}.Debug|Any CPU.ActiveCfg = Debug|Any CPU
		{10543A5C-302E-4D04-8D21-83D3FEB04F9F}.Debug|Any CPU.Build.0 = Debug|Any CPU
		{10543A5C-302E-4D04-8D21-83D3FEB04F9F}.Release|Any CPU.ActiveCfg = Release|Any CPU
		{10543A5C-302E-4D04-8D21-83D3FEB04F9F}.Release|Any CPU.Build.0 = Release|Any CPU
		{E0E6690A-4B61-4343-ABD8-960A1A6D9E00}.Debug|Any CPU.ActiveCfg = Debug|Any CPU
		{E0E6690A-4B61-4343-ABD8-960A1A6D9E00}.Debug|Any CPU.Build.0 = Debug|Any CPU
		{E0E6690A-4B61-4343-ABD8-960A1A6D9E00}.Release|Any CPU.ActiveCfg = Release|Any CPU
		{E0E6690A-4B61-4343-ABD8-960A1A6D9E00}.Release|Any CPU.Build.0 = Release|Any CPU
		{0B5520E7-8B08-4F13-91E9-1B59C94C2F0F}.Debug|Any CPU.ActiveCfg = Debug|Any CPU
		{0B5520E7-8B08-4F13-91E9-1B59C94C2F0F}.Debug|Any CPU.Build.0 = Debug|Any CPU
		{0B5520E7-8B08-4F13-91E9-1B59C94C2F0F}.Release|Any CPU.ActiveCfg = Release|Any CPU
		{0B5520E7-8B08-4F13-91E9-1B59C94C2F0F}.Release|Any CPU.Build.0 = Release|Any CPU
		{D2B63517-1727-4512-8D72-8E5A02241E48}.Debug|Any CPU.ActiveCfg = Debug|Any CPU
		{D2B63517-1727-4512-8D72-8E5A02241E48}.Debug|Any CPU.Build.0 = Debug|Any CPU
		{D2B63517-1727-4512-8D72-8E5A02241E48}.Release|Any CPU.ActiveCfg = Release|Any CPU
		{D2B63517-1727-4512-8D72-8E5A02241E48}.Release|Any CPU.Build.0 = Release|Any CPU
		{CEEA8FBD-915D-41AB-90D1-8FBA5A64CA96}.Debug|Any CPU.ActiveCfg = Debug|Any CPU
		{CEEA8FBD-915D-41AB-90D1-8FBA5A64CA96}.Debug|Any CPU.Build.0 = Debug|Any CPU
		{CEEA8FBD-915D-41AB-90D1-8FBA5A64CA96}.Release|Any CPU.ActiveCfg = Release|Any CPU
		{CEEA8FBD-915D-41AB-90D1-8FBA5A64CA96}.Release|Any CPU.Build.0 = Release|Any CPU
		{9F19D27A-860B-4D69-A0AE-3E01159A6466}.Debug|Any CPU.ActiveCfg = Debug|Any CPU
		{9F19D27A-860B-4D69-A0AE-3E01159A6466}.Debug|Any CPU.Build.0 = Debug|Any CPU
		{9F19D27A-860B-4D69-A0AE-3E01159A6466}.Release|Any CPU.ActiveCfg = Release|Any CPU
		{9F19D27A-860B-4D69-A0AE-3E01159A6466}.Release|Any CPU.Build.0 = Release|Any CPU
		{86E82F9E-7A71-4BBE-9A93-ADCE1403E9A5}.Debug|Any CPU.ActiveCfg = Debug|Any CPU
		{86E82F9E-7A71-4BBE-9A93-ADCE1403E9A5}.Debug|Any CPU.Build.0 = Debug|Any CPU
		{86E82F9E-7A71-4BBE-9A93-ADCE1403E9A5}.Release|Any CPU.ActiveCfg = Release|Any CPU
		{86E82F9E-7A71-4BBE-9A93-ADCE1403E9A5}.Release|Any CPU.Build.0 = Release|Any CPU
	EndGlobalSection
	GlobalSection(SolutionProperties) = preSolution
		HideSolutionNode = FALSE
	EndGlobalSection
	GlobalSection(NestedProjects) = preSolution
		{E01C2B20-1649-421A-8D75-6C0849C4E2FB} = {33887A95-C5A0-4C92-9AA7-FF9F6C4B10E7}
		{D1E475BE-0135-449A-9285-2E5B638AC330} = {33887A95-C5A0-4C92-9AA7-FF9F6C4B10E7}
		{DDBE5259-576F-4984-A416-B627668BBB37} = {33887A95-C5A0-4C92-9AA7-FF9F6C4B10E7}
		{26C166F7-BB9E-4363-B487-8E4EA8583158} = {33887A95-C5A0-4C92-9AA7-FF9F6C4B10E7}
		{31A48064-8B90-47A8-97C8-86D9E14374FB} = {33887A95-C5A0-4C92-9AA7-FF9F6C4B10E7}
		{6BCDAA4E-2299-42DB-93C8-299F66341527} = {BAAFE727-AD63-47AE-B82C-677DEEC41531}
		{1209EE88-1016-455D-B924-C26A941888E5} = {BAAFE727-AD63-47AE-B82C-677DEEC41531}
		{C9DBC0E7-E143-488D-8C5D-4465BA840886} = {BAAFE727-AD63-47AE-B82C-677DEEC41531}
		{AC2A8EED-2D9C-4ACF-BA20-DC50BE8D64A7} = {BAAFE727-AD63-47AE-B82C-677DEEC41531}
		{0C1D3687-C94A-4EE7-878F-CD6FD48FFD95} = {BAAFE727-AD63-47AE-B82C-677DEEC41531}
		{217C1514-39B9-4273-A5A7-FCCBCD04DB13} = {C953C4A5-ACD5-4841-A2FD-B702895B20AC}
		{D3E3F5E6-163E-48B4-BA08-7335D9243251} = {C953C4A5-ACD5-4841-A2FD-B702895B20AC}
		{10543A5C-302E-4D04-8D21-83D3FEB04F9F} = {C953C4A5-ACD5-4841-A2FD-B702895B20AC}
		{E0E6690A-4B61-4343-ABD8-960A1A6D9E00} = {C953C4A5-ACD5-4841-A2FD-B702895B20AC}
		{0B5520E7-8B08-4F13-91E9-1B59C94C2F0F} = {D4EAEE47-7B67-4870-BF16-F5F0FF772D94}
		{D2B63517-1727-4512-8D72-8E5A02241E48} = {D4EAEE47-7B67-4870-BF16-F5F0FF772D94}
		{CEEA8FBD-915D-41AB-90D1-8FBA5A64CA96} = {D4EAEE47-7B67-4870-BF16-F5F0FF772D94}
		{9F19D27A-860B-4D69-A0AE-3E01159A6466} = {D4EAEE47-7B67-4870-BF16-F5F0FF772D94}
		{86E82F9E-7A71-4BBE-9A93-ADCE1403E9A5} = {5F779F52-C2A6-4910-B66B-1AAB8FE0535D}
	EndGlobalSection
	GlobalSection(ExtensibilityGlobals) = postSolution
		SolutionGuid = {A73DCE71-FBB8-4EEE-BFC9-CB3A4D143175}
	EndGlobalSection
EndGlobal
